
Microsoft Visual Studio Solution File, Format Version 12.00
# Visual Studio 2017
Project("{FAE04EC0-301F-11D3-BF4B-00C04F79EFBC}") = "Finally", "Finally.csproj", "{E13BC9FA-FAD2-43AD-48E4-1937859D1D8C}"
EndProject
Project("{FAE04EC0-301F-11D3-BF4B-00C04F79EFBC}") = "Finally.Editor", "Finally.Editor.csproj", "{545BAAE2-C0AF-BDA5-84B8-A3B6F67E9CA2}"
EndProject
Global
	GlobalSection(SolutionConfigurationPlatforms) = preSolution
		Debug|Any CPU = Debug|Any CPU
		Release|Any CPU = Release|Any CPU
	EndGlobalSection
	GlobalSection(ProjectConfigurationPlatforms) = postSolution
		{E13BC9FA-FAD2-43AD-48E4-1937859D1D8C}.Debug|Any CPU.ActiveCfg = Debug|Any CPU
		{E13BC9FA-FAD2-43AD-48E4-1937859D1D8C}.Debug|Any CPU.Build.0 = Debug|Any CPU
		{E13BC9FA-FAD2-43AD-48E4-1937859D1D8C}.Release|Any CPU.ActiveCfg = Release|Any CPU
		{E13BC9FA-FAD2-43AD-48E4-1937859D1D8C}.Release|Any CPU.Build.0 = Release|Any CPU
		{545BAAE2-C0AF-BDA5-84B8-A3B6F67E9CA2}.Debug|Any CPU.ActiveCfg = Debug|Any CPU
		{545BAAE2-C0AF-BDA5-84B8-A3B6F67E9CA2}.Debug|Any CPU.Build.0 = Debug|Any CPU
		{545BAAE2-C0AF-BDA5-84B8-A3B6F67E9CA2}.Release|Any CPU.ActiveCfg = Release|Any CPU
		{545BAAE2-C0AF-BDA5-84B8-A3B6F67E9CA2}.Release|Any CPU.Build.0 = Release|Any CPU
	EndGlobalSection
	GlobalSection(SolutionProperties) = preSolution
		HideSolutionNode = FALSE
	EndGlobalSection
EndGlobal
